// !$*UTF8*$!
{
	archiveVersion = 1;
	classes = {
	};
	objectVersion = 46;
	objects = {

/* Begin PBXBuildFile section */
		07A7F205698F30A7C79C9D9B /* EditorUITests.swift in Sources */ = {isa = PBXBuildFile; fileRef = 5E12BAA997F082B29A294ACA /* EditorUITests.swift */; };
		0A816877BA9AA045859E5529 /* Assets.xcassets in Resources */ = {isa = PBXBuildFile; fileRef = 817A298659AD6F2CD63D0228 /* Assets.xcassets */; };
		16020BFCDA4491686721448A /* PhotoSectionView.swift in Sources */ = {isa = PBXBuildFile; fileRef = A01BA2E911FCB343C07DAD39 /* PhotoSectionView.swift */; };
		16AF351E5E55AEB9978BCDD5 /* LocationProvider.swift in Sources */ = {isa = PBXBuildFile; fileRef = 2CB674D266AEC3706DD237EA /* LocationProvider.swift */; };
		16DE25F2A746058FB6782194 /* SpeciesPhotoStrip.swift in Sources */ = {isa = PBXBuildFile; fileRef = EA11341A3521A25AA8E3516D /* SpeciesPhotoStrip.swift */; };
		2419EA989959E66CD9C14599 /* CautionPalette.swift in Sources */ = {isa = PBXBuildFile; fileRef = 6BDBC513CB04CB9AE280E8C9 /* CautionPalette.swift */; };
		264ED09A988065B705F34E20 /* CatalogueEditorApp.swift in Sources */ = {isa = PBXBuildFile; fileRef = 791DF0D2BB9C0D5A58110687 /* CatalogueEditorApp.swift */; };
		2BB82EB485F18B9705B3F347 /* land-status.json in Resources */ = {isa = PBXBuildFile; fileRef = F3879044878C62F8D8F549D8 /* land-status.json */; };
		2CA3EAD76EAE4CE824C68675 /* SpeciesRow.swift in Sources */ = {isa = PBXBuildFile; fileRef = DBD4F47E08118369C1720304 /* SpeciesRow.swift */; };
		2FFEC43C9B4D53C2E4ACBA15 /* ForageNZApp.swift in Sources */ = {isa = PBXBuildFile; fileRef = 5F39B686CA0E9CE04181DD40 /* ForageNZApp.swift */; };
		33F1FEE23644859BA88F9258 /* SpeciesDetailView.swift in Sources */ = {isa = PBXBuildFile; fileRef = 7AC2A93A771996BA6E78A54D /* SpeciesDetailView.swift */; };
		360194B642E9FF2742582745 /* InSeasonView.swift in Sources */ = {isa = PBXBuildFile; fileRef = E6C4ED5A9B62C12BD6C3E48E /* InSeasonView.swift */; };
		3D19D3D50781F4C7BE5F99E4 /* SpeciesStoreTests.swift in Sources */ = {isa = PBXBuildFile; fileRef = B5D3FB453CF93F89079D941E /* SpeciesStoreTests.swift */; };
		42BC722A0552DA4BEBBE5C9F /* CautionBadge.swift in Sources */ = {isa = PBXBuildFile; fileRef = E3BEAEAE3D024F1C6A9B9C10 /* CautionBadge.swift */; };
		4BB7620AB24EB7A8E15ADEB9 /* WhereYouAreSection.swift in Sources */ = {isa = PBXBuildFile; fileRef = 1867CCA8A5C5E962FD60BBF8 /* WhereYouAreSection.swift */; };
		566613F76B253A99D963B234 /* land-status.png in Resources */ = {isa = PBXBuildFile; fileRef = B2D00CFE7D2AD3E97CCF1400 /* land-status.png */; };
		5D9C874AA850F3AE65673F79 /* ForageCatalogue in Frameworks */ = {isa = PBXBuildFile; productRef = 69125DE059737EBB12471472 /* ForageCatalogue */; };
		69242F8D935959254849BA9D /* SpeciesStore.swift in Sources */ = {isa = PBXBuildFile; fileRef = 55C6D5333F8A7A09C3B0043D /* SpeciesStore.swift */; };
		6A2120C5CF1E8C22A431AE0A /* Photos in Resources */ = {isa = PBXBuildFile; fileRef = F6DE5983A841F0D9A2F105AA /* Photos */; };
		7062ADCA73776244CB4A6E51 /* WhereYouAreStoreTests.swift in Sources */ = {isa = PBXBuildFile; fileRef = 9DE2E1227F9C1C691B2F945D /* WhereYouAreStoreTests.swift */; };
		732EB0C3958667F5E1937D29 /* RootView.swift in Sources */ = {isa = PBXBuildFile; fileRef = 6F567D725B05CA6E238F22C8 /* RootView.swift */; };
		7B432E867DB0ED01A38C768B /* Cocoa.framework in Frameworks */ = {isa = PBXBuildFile; fileRef = 08C28C6DA10AE33F73F5B94C /* Cocoa.framework */; };
		7D35632F1F5EEB570322D3E0 /* PoisonsCentre.swift in Sources */ = {isa = PBXBuildFile; fileRef = 2163C64C7220DD70F766A16E /* PoisonsCentre.swift */; };
		7F83D47960CFE20BF784F76C /* FieldGuideUITests.swift in Sources */ = {isa = PBXBuildFile; fileRef = 452B052BD15DA513EB5F5BF3 /* FieldGuideUITests.swift */; };
		88884AE952E8D6A46933C56A /* SpeciesRepository.swift in Sources */ = {isa = PBXBuildFile; fileRef = 8E0408E8A6865DA99E0341C7 /* SpeciesRepository.swift */; };
		914C98374F0108651F55C013 /* ForageCatalogue in Frameworks */ = {isa = PBXBuildFile; productRef = FCA8BB9C87B318851F23469F /* ForageCatalogue */; };
		9259C8452BDD7F338B28B7A0 /* CatalogueStore.swift in Sources */ = {isa = PBXBuildFile; fileRef = A1001C8B591D460EC849D511 /* CatalogueStore.swift */; };
		964DFD06BF7EB889DF54325C /* WhereYouAreStore.swift in Sources */ = {isa = PBXBuildFile; fileRef = EE23F44C740462604FCC5A42 /* WhereYouAreStore.swift */; };
		993520DE95024A3F666F3E9E /* Cocoa.framework in Frameworks */ = {isa = PBXBuildFile; fileRef = 08C28C6DA10AE33F73F5B94C /* Cocoa.framework */; };
		9E8FC670A75374EEBCCECBC7 /* SafetyView.swift in Sources */ = {isa = PBXBuildFile; fileRef = 3DEE90969BDB0EBE6CF9F173 /* SafetyView.swift */; };
		ADCE358E9BDD4BA324F73087 /* SpeciesEditorView.swift in Sources */ = {isa = PBXBuildFile; fileRef = B9A08516B887C616C0C2D6B0 /* SpeciesEditorView.swift */; };
		AF7EF03860A44072C5F3F471 /* EditorFields.swift in Sources */ = {isa = PBXBuildFile; fileRef = F493CBE757E2E16D66F2DB00 /* EditorFields.swift */; };
		B07C79F23F1BB365C0EEFFBE /* EditorRootView.swift in Sources */ = {isa = PBXBuildFile; fileRef = E230F2A934A37C1CF47C7C24 /* EditorRootView.swift */; };
		B93BA6A59034E519AC12B2B9 /* CatalogueTests.swift in Sources */ = {isa = PBXBuildFile; fileRef = 6276DE2F1556F1A782D58DEF /* CatalogueTests.swift */; };
		BC7A270E66145A359CC6F5BB /* species.json in Resources */ = {isa = PBXBuildFile; fileRef = D6ECE46F98F836C2B53E8AA5 /* species.json */; };
		C6508D90B2BD9E3DC2D0E545 /* ForageCatalogue in Frameworks */ = {isa = PBXBuildFile; productRef = 279E84FE33A5770883B72986 /* ForageCatalogue */; };
		C96F1DE935FB259F9428C0FE /* BrowseView.swift in Sources */ = {isa = PBXBuildFile; fileRef = 09A9E85DA08B2A7D3ED5C7C9 /* BrowseView.swift */; };
		E0E56E639A59BBA011C3905E /* LandStatusRepository.swift in Sources */ = {isa = PBXBuildFile; fileRef = 64F8E9DC97AD8C0C3504754F /* LandStatusRepository.swift */; };
		E7057F68D7BCDBAEC626647A /* DesignLibrary in Frameworks */ = {isa = PBXBuildFile; productRef = 83413BE0AA6927FA598C7C0C /* DesignLibrary */; };
		FB252221E135784791053AC1 /* Layout.swift in Sources */ = {isa = PBXBuildFile; fileRef = D90B10EF78BEEEED358AB658 /* Layout.swift */; };
/* End PBXBuildFile section */

/* Begin PBXContainerItemProxy section */
		0D483DA6766DF83939148112 /* PBXContainerItemProxy */ = {
			isa = PBXContainerItemProxy;
			containerPortal = 1D3393DFDFFF00F04CDA6DF3 /* Project object */;
			proxyType = 1;
			remoteGlobalIDString = 59A6A517C248344E43789972;
			remoteInfo = CatalogueEditor;
		};
		1A816794765D2F03C5DA254E /* PBXContainerItemProxy */ = {
			isa = PBXContainerItemProxy;
			containerPortal = 1D3393DFDFFF00F04CDA6DF3 /* Project object */;
			proxyType = 1;
			remoteGlobalIDString = A30D369B280A270DB734DD97;
			remoteInfo = ForageNZ;
		};
		F91A447CF788E1D5EA7F433E /* PBXContainerItemProxy */ = {
			isa = PBXContainerItemProxy;
			containerPortal = 1D3393DFDFFF00F04CDA6DF3 /* Project object */;
			proxyType = 1;
			remoteGlobalIDString = A30D369B280A270DB734DD97;
			remoteInfo = ForageNZ;
		};
/* End PBXContainerItemProxy section */

/* Begin PBXFileReference section */
		047AF412753DE64D1A1346F2 /* CatalogueEditorUITests.xctest */ = {isa = PBXFileReference; explicitFileType = wrapper.cfbundle; includeInIndex = 0; path = CatalogueEditorUITests.xctest; sourceTree = BUILT_PRODUCTS_DIR; };
		08C28C6DA10AE33F73F5B94C /* Cocoa.framework */ = {isa = PBXFileReference; lastKnownFileType = wrapper.framework; name = Cocoa.framework; path = Platforms/MacOSX.platform/Developer/SDKs/MacOSX15.0.sdk/System/Library/Frameworks/Cocoa.framework; sourceTree = DEVELOPER_DIR; };
		09A9E85DA08B2A7D3ED5C7C9 /* BrowseView.swift */ = {isa = PBXFileReference; includeInIndex = 1; lastKnownFileType = sourcecode.swift; name = BrowseView.swift; path = FieldGuide/BrowseView.swift; sourceTree = "<group>"; };
		1867CCA8A5C5E962FD60BBF8 /* WhereYouAreSection.swift */ = {isa = PBXFileReference; includeInIndex = 1; lastKnownFileType = sourcecode.swift; name = WhereYouAreSection.swift; path = WhereYouAre/WhereYouAreSection.swift; sourceTree = "<group>"; };
		20B1543CD87D475CBC78AD1B /* CatalogueEditor.app */ = {isa = PBXFileReference; explicitFileType = wrapper.application; includeInIndex = 0; path = CatalogueEditor.app; sourceTree = BUILT_PRODUCTS_DIR; };
		2163C64C7220DD70F766A16E /* PoisonsCentre.swift */ = {isa = PBXFileReference; includeInIndex = 1; lastKnownFileType = sourcecode.swift; name = PoisonsCentre.swift; path = Models/PoisonsCentre.swift; sourceTree = "<group>"; };
		2CB674D266AEC3706DD237EA /* LocationProvider.swift */ = {isa = PBXFileReference; includeInIndex = 1; lastKnownFileType = sourcecode.swift; name = LocationProvider.swift; path = WhereYouAre/LocationProvider.swift; sourceTree = "<group>"; };
		3DEE90969BDB0EBE6CF9F173 /* SafetyView.swift */ = {isa = PBXFileReference; includeInIndex = 1; lastKnownFileType = sourcecode.swift; name = SafetyView.swift; path = Safety/SafetyView.swift; sourceTree = "<group>"; };
		452B052BD15DA513EB5F5BF3 /* FieldGuideUITests.swift */ = {isa = PBXFileReference; includeInIndex = 1; lastKnownFileType = sourcecode.swift; path = FieldGuideUITests.swift; sourceTree = "<group>"; };
		55C6D5333F8A7A09C3B0043D /* SpeciesStore.swift */ = {isa = PBXFileReference; includeInIndex = 1; lastKnownFileType = sourcecode.swift; name = SpeciesStore.swift; path = Catalogue/SpeciesStore.swift; sourceTree = "<group>"; };
		5E12BAA997F082B29A294ACA /* EditorUITests.swift */ = {isa = PBXFileReference; includeInIndex = 1; lastKnownFileType = sourcecode.swift; path = EditorUITests.swift; sourceTree = "<group>"; };
		5F39B686CA0E9CE04181DD40 /* ForageNZApp.swift */ = {isa = PBXFileReference; includeInIndex = 1; lastKnownFileType = sourcecode.swift; path = ForageNZApp.swift; sourceTree = "<group>"; };
		6276DE2F1556F1A782D58DEF /* CatalogueTests.swift */ = {isa = PBXFileReference; includeInIndex = 1; lastKnownFileType = sourcecode.swift; path = CatalogueTests.swift; sourceTree = "<group>"; };
		64F8E9DC97AD8C0C3504754F /* LandStatusRepository.swift */ = {isa = PBXFileReference; includeInIndex = 1; lastKnownFileType = sourcecode.swift; name = LandStatusRepository.swift; path = WhereYouAre/LandStatusRepository.swift; sourceTree = "<group>"; };
		6BDBC513CB04CB9AE280E8C9 /* CautionPalette.swift */ = {isa = PBXFileReference; includeInIndex = 1; lastKnownFileType = sourcecode.swift; name = CautionPalette.swift; path = Components/CautionPalette.swift; sourceTree = "<group>"; };
		6F567D725B05CA6E238F22C8 /* RootView.swift */ = {isa = PBXFileReference; includeInIndex = 1; lastKnownFileType = sourcecode.swift; path = RootView.swift; sourceTree = "<group>"; };
		791DF0D2BB9C0D5A58110687 /* CatalogueEditorApp.swift */ = {isa = PBXFileReference; includeInIndex = 1; lastKnownFileType = sourcecode.swift; path = CatalogueEditorApp.swift; sourceTree = "<group>"; };
		7AC2A93A771996BA6E78A54D /* SpeciesDetailView.swift */ = {isa = PBXFileReference; includeInIndex = 1; lastKnownFileType = sourcecode.swift; name = SpeciesDetailView.swift; path = FieldGuide/SpeciesDetailView.swift; sourceTree = "<group>"; };
		817A298659AD6F2CD63D0228 /* Assets.xcassets */ = {isa = PBXFileReference; includeInIndex = 1; lastKnownFileType = folder.assetcatalog; path = Assets.xcassets; sourceTree = "<group>"; };
		8B5CFF23B8C79B576A8D1B65 /* ForageNZTests.xctest */ = {isa = PBXFileReference; explicitFileType = wrapper.cfbundle; includeInIndex = 0; path = ForageNZTests.xctest; sourceTree = BUILT_PRODUCTS_DIR; };
		8E0408E8A6865DA99E0341C7 /* SpeciesRepository.swift */ = {isa = PBXFileReference; includeInIndex = 1; lastKnownFileType = sourcecode.swift; name = SpeciesRepository.swift; path = Catalogue/SpeciesRepository.swift; sourceTree = "<group>"; };
		9DE2E1227F9C1C691B2F945D /* WhereYouAreStoreTests.swift */ = {isa = PBXFileReference; includeInIndex = 1; lastKnownFileType = sourcecode.swift; path = WhereYouAreStoreTests.swift; sourceTree = "<group>"; };
		A01BA2E911FCB343C07DAD39 /* PhotoSectionView.swift */ = {isa = PBXFileReference; includeInIndex = 1; lastKnownFileType = sourcecode.swift; path = PhotoSectionView.swift; sourceTree = "<group>"; };
		A1001C8B591D460EC849D511 /* CatalogueStore.swift */ = {isa = PBXFileReference; includeInIndex = 1; lastKnownFileType = sourcecode.swift; path = CatalogueStore.swift; sourceTree = "<group>"; };
		B23CB3FA9353E11476EEC70C /* ForageNZUITests.xctest */ = {isa = PBXFileReference; explicitFileType = wrapper.cfbundle; includeInIndex = 0; path = ForageNZUITests.xctest; sourceTree = BUILT_PRODUCTS_DIR; };
		B2D00CFE7D2AD3E97CCF1400 /* land-status.png */ = {isa = PBXFileReference; includeInIndex = 1; lastKnownFileType = image.png; name = "land-status.png"; path = "Catalogue/land-status.png"; sourceTree = "<group>"; };
		B5D3FB453CF93F89079D941E /* SpeciesStoreTests.swift */ = {isa = PBXFileReference; includeInIndex = 1; lastKnownFileType = sourcecode.swift; path = SpeciesStoreTests.swift; sourceTree = "<group>"; };
		B9A08516B887C616C0C2D6B0 /* SpeciesEditorView.swift */ = {isa = PBXFileReference; includeInIndex = 1; lastKnownFileType = sourcecode.swift; path = SpeciesEditorView.swift; sourceTree = "<group>"; };
		D271FA601484668BEA2A2E9C /* ForageNZ.app */ = {isa = PBXFileReference; explicitFileType = wrapper.application; includeInIndex = 0; path = ForageNZ.app; sourceTree = BUILT_PRODUCTS_DIR; };
		D6ECE46F98F836C2B53E8AA5 /* species.json */ = {isa = PBXFileReference; includeInIndex = 1; name = species.json; path = Catalogue/species.json; sourceTree = "<group>"; };
		D90B10EF78BEEEED358AB658 /* Layout.swift */ = {isa = PBXFileReference; includeInIndex = 1; lastKnownFileType = sourcecode.swift; name = Layout.swift; path = Components/Layout.swift; sourceTree = "<group>"; };
		DBD4F47E08118369C1720304 /* SpeciesRow.swift */ = {isa = PBXFileReference; includeInIndex = 1; lastKnownFileType = sourcecode.swift; name = SpeciesRow.swift; path = Components/SpeciesRow.swift; sourceTree = "<group>"; };
		E230F2A934A37C1CF47C7C24 /* EditorRootView.swift */ = {isa = PBXFileReference; includeInIndex = 1; lastKnownFileType = sourcecode.swift; path = EditorRootView.swift; sourceTree = "<group>"; };
		E3BEAEAE3D024F1C6A9B9C10 /* CautionBadge.swift */ = {isa = PBXFileReference; includeInIndex = 1; lastKnownFileType = sourcecode.swift; name = CautionBadge.swift; path = Components/CautionBadge.swift; sourceTree = "<group>"; };
		E6C4ED5A9B62C12BD6C3E48E /* InSeasonView.swift */ = {isa = PBXFileReference; includeInIndex = 1; lastKnownFileType = sourcecode.swift; name = InSeasonView.swift; path = InSeason/InSeasonView.swift; sourceTree = "<group>"; };
		EA11341A3521A25AA8E3516D /* SpeciesPhotoStrip.swift */ = {isa = PBXFileReference; includeInIndex = 1; lastKnownFileType = sourcecode.swift; name = SpeciesPhotoStrip.swift; path = Components/SpeciesPhotoStrip.swift; sourceTree = "<group>"; };
		EE23F44C740462604FCC5A42 /* WhereYouAreStore.swift */ = {isa = PBXFileReference; includeInIndex = 1; lastKnownFileType = sourcecode.swift; name = WhereYouAreStore.swift; path = WhereYouAre/WhereYouAreStore.swift; sourceTree = "<group>"; };
		F3879044878C62F8D8F549D8 /* land-status.json */ = {isa = PBXFileReference; includeInIndex = 1; name = "land-status.json"; path = "Catalogue/land-status.json"; sourceTree = "<group>"; };
		F493CBE757E2E16D66F2DB00 /* EditorFields.swift */ = {isa = PBXFileReference; includeInIndex = 1; lastKnownFileType = sourcecode.swift; path = EditorFields.swift; sourceTree = "<group>"; };
		F6DE5983A841F0D9A2F105AA /* Photos */ = {isa = PBXFileReference; includeInIndex = 1; lastKnownFileType = folder; name = Photos; path = Catalogue/Photos; sourceTree = "<group>"; };
/* End PBXFileReference section */

/* Begin PBXFrameworksBuildPhase section */
		139B551A825086CE5C77B8AD /* Frameworks */ = {
			isa = PBXFrameworksBuildPhase;
			buildActionMask = 2147483647;
			files = (
				5D9C874AA850F3AE65673F79 /* ForageCatalogue in Frameworks */,
			);
			runOnlyForDeploymentPostprocessing = 0;
		};
		189A5C135A9A1A017F676036 /* Frameworks */ = {
			isa = PBXFrameworksBuildPhase;
			buildActionMask = 2147483647;
			files = (
				E7057F68D7BCDBAEC626647A /* DesignLibrary in Frameworks */,
				C6508D90B2BD9E3DC2D0E545 /* ForageCatalogue in Frameworks */,
			);
			runOnlyForDeploymentPostprocessing = 0;
		};
		59A07CD9D21AEFD694FBCCA2 /* Frameworks */ = {
			isa = PBXFrameworksBuildPhase;
			buildActionMask = 2147483647;
			files = (
				993520DE95024A3F666F3E9E /* Cocoa.framework in Frameworks */,
				914C98374F0108651F55C013 /* ForageCatalogue in Frameworks */,
			);
			runOnlyForDeploymentPostprocessing = 0;
		};
		A6986FDFCA9F157ECB23F5C3 /* Frameworks */ = {
			isa = PBXFrameworksBuildPhase;
			buildActionMask = 2147483647;
			files = (
				7B432E867DB0ED01A38C768B /* Cocoa.framework in Frameworks */,
			);
			runOnlyForDeploymentPostprocessing = 0;
		};
		FCBFD4959C37A4687CB679AC /* Frameworks */ = {
			isa = PBXFrameworksBuildPhase;
			buildActionMask = 2147483647;
			files = (
			);
			runOnlyForDeploymentPostprocessing = 0;
		};
/* End PBXFrameworksBuildPhase section */

/* Begin PBXGroup section */
		1EAF7E4DE18E3DAE6C74AAC9 /* Products */ = {
			isa = PBXGroup;
			children = (
				D271FA601484668BEA2A2E9C /* ForageNZ.app */,
				8B5CFF23B8C79B576A8D1B65 /* ForageNZTests.xctest */,
				B23CB3FA9353E11476EEC70C /* ForageNZUITests.xctest */,
				20B1543CD87D475CBC78AD1B /* CatalogueEditor.app */,
				047AF412753DE64D1A1346F2 /* CatalogueEditorUITests.xctest */,
			);
			name = Products;
			sourceTree = "<group>";
		};
		290B8E95C0511ACCC95A8711 /* WhereYouAre */ = {
			isa = PBXGroup;
			children = (
				64F8E9DC97AD8C0C3504754F /* LandStatusRepository.swift */,
				2CB674D266AEC3706DD237EA /* LocationProvider.swift */,
				EE23F44C740462604FCC5A42 /* WhereYouAreStore.swift */,
				1867CCA8A5C5E962FD60BBF8 /* WhereYouAreSection.swift */,
			);
			name = WhereYouAre;
			sourceTree = "<group>";
		};
		4537A289B0B2289A2594A27C /* ForageNZ */ = {
			isa = PBXGroup;
			children = (
				9FDC361CC498756899AA3E06 /* Catalogue */,
				DC803897D75EFB8356539D00 /* Components */,
				6906D5A3CD03B7D5259C6C35 /* FieldGuide */,
				5F39B686CA0E9CE04181DD40 /* ForageNZApp.swift */,
				BA3FADD480C97728D44B490F /* InSeason */,
				F3879044878C62F8D8F549D8 /* land-status.json */,
				B2D00CFE7D2AD3E97CCF1400 /* land-status.png */,
				7127DAAD2E1698DAE324AB23 /* Models */,
				6F567D725B05CA6E238F22C8 /* RootView.swift */,
				C3469FB9258BAE32C11992A3 /* Safety */,
				D6ECE46F98F836C2B53E8AA5 /* species.json */,
				290B8E95C0511ACCC95A8711 /* WhereYouAre */,
				817A298659AD6F2CD63D0228 /* Assets.xcassets */,
			);
			name = ForageNZ;
			path = ForageNZ;
			sourceTree = "<group>";
		};
		6906D5A3CD03B7D5259C6C35 /* FieldGuide */ = {
			isa = PBXGroup;
			children = (
				09A9E85DA08B2A7D3ED5C7C9 /* BrowseView.swift */,
				7AC2A93A771996BA6E78A54D /* SpeciesDetailView.swift */,
			);
			name = FieldGuide;
			sourceTree = "<group>";
		};
		711F335DDFF6CDD5644F0103 /* OS X */ = {
			isa = PBXGroup;
			children = (
				08C28C6DA10AE33F73F5B94C /* Cocoa.framework */,
			);
			name = "OS X";
			sourceTree = "<group>";
		};
		7127DAAD2E1698DAE324AB23 /* Models */ = {
			isa = PBXGroup;
			children = (
				2163C64C7220DD70F766A16E /* PoisonsCentre.swift */,
			);
			name = Models;
			sourceTree = "<group>";
		};
		74F580B8BCAC7AE1BA708F7C = {
			isa = PBXGroup;
			children = (
				4537A289B0B2289A2594A27C /* ForageNZ */,
				8B12CE910C09A1C47E310208 /* ForageNZTests */,
				CE52BB10A395B7F229EC8BA2 /* ForageNZUITests */,
				EDAA54BA5FF98C3FFF333A66 /* Frameworks */,
				89A81489E415CD72F663CA81 /* CatalogueEditor */,
				84BF8D98239583AA755112F6 /* CatalogueEditorUITests */,
				1EAF7E4DE18E3DAE6C74AAC9 /* Products */,
			);
			sourceTree = "<group>";
		};
		84BF8D98239583AA755112F6 /* CatalogueEditorUITests */ = {
			isa = PBXGroup;
			children = (
				5E12BAA997F082B29A294ACA /* EditorUITests.swift */,
			);
			name = CatalogueEditorUITests;
			path = CatalogueEditorUITests;
			sourceTree = "<group>";
		};
		89A81489E415CD72F663CA81 /* CatalogueEditor */ = {
			isa = PBXGroup;
			children = (
				791DF0D2BB9C0D5A58110687 /* CatalogueEditorApp.swift */,
				A1001C8B591D460EC849D511 /* CatalogueStore.swift */,
				E230F2A934A37C1CF47C7C24 /* EditorRootView.swift */,
				B9A08516B887C616C0C2D6B0 /* SpeciesEditorView.swift */,
				A01BA2E911FCB343C07DAD39 /* PhotoSectionView.swift */,
				F493CBE757E2E16D66F2DB00 /* EditorFields.swift */,
			);
			name = CatalogueEditor;
			path = CatalogueEditor;
			sourceTree = "<group>";
		};
		8B12CE910C09A1C47E310208 /* ForageNZTests */ = {
			isa = PBXGroup;
			children = (
				6276DE2F1556F1A782D58DEF /* CatalogueTests.swift */,
				B5D3FB453CF93F89079D941E /* SpeciesStoreTests.swift */,
				9DE2E1227F9C1C691B2F945D /* WhereYouAreStoreTests.swift */,
			);
			name = ForageNZTests;
			path = ForageNZTests;
			sourceTree = "<group>";
		};
		9FDC361CC498756899AA3E06 /* Catalogue */ = {
			isa = PBXGroup;
			children = (
				8E0408E8A6865DA99E0341C7 /* SpeciesRepository.swift */,
				55C6D5333F8A7A09C3B0043D /* SpeciesStore.swift */,
				F6DE5983A841F0D9A2F105AA /* Photos */,
			);
			name = Catalogue;
			sourceTree = "<group>";
		};
		BA3FADD480C97728D44B490F /* InSeason */ = {
			isa = PBXGroup;
			children = (
				E6C4ED5A9B62C12BD6C3E48E /* InSeasonView.swift */,
			);
			name = InSeason;
			sourceTree = "<group>";
		};
		C3469FB9258BAE32C11992A3 /* Safety */ = {
			isa = PBXGroup;
			children = (
				3DEE90969BDB0EBE6CF9F173 /* SafetyView.swift */,
			);
			name = Safety;
			sourceTree = "<group>";
		};
		CE52BB10A395B7F229EC8BA2 /* ForageNZUITests */ = {
			isa = PBXGroup;
			children = (
				452B052BD15DA513EB5F5BF3 /* FieldGuideUITests.swift */,
			);
			name = ForageNZUITests;
			path = ForageNZUITests;
			sourceTree = "<group>";
		};
		DC803897D75EFB8356539D00 /* Components */ = {
			isa = PBXGroup;
			children = (
				E3BEAEAE3D024F1C6A9B9C10 /* CautionBadge.swift */,
				D90B10EF78BEEEED358AB658 /* Layout.swift */,
				DBD4F47E08118369C1720304 /* SpeciesRow.swift */,
				6BDBC513CB04CB9AE280E8C9 /* CautionPalette.swift */,
				EA11341A3521A25AA8E3516D /* SpeciesPhotoStrip.swift */,
			);
			name = Components;
			sourceTree = "<group>";
		};
		EDAA54BA5FF98C3FFF333A66 /* Frameworks */ = {
			isa = PBXGroup;
			children = (
				711F335DDFF6CDD5644F0103 /* OS X */,
			);
			name = Frameworks;
			sourceTree = "<group>";
		};
/* End PBXGroup section */

/* Begin PBXNativeTarget section */
		59A6A517C248344E43789972 /* CatalogueEditor */ = {
			isa = PBXNativeTarget;
			buildConfigurationList = 70E77FAB5437F8D15DB804AA /* Build configuration list for PBXNativeTarget "CatalogueEditor" */;
			buildPhases = (
				3470D031916E85148313F362 /* Sources */,
				59A07CD9D21AEFD694FBCCA2 /* Frameworks */,
				5706423444FC78CF32466E6E /* Resources */,
			);
			buildRules = (
			);
			dependencies = (
			);
			name = CatalogueEditor;
			packageProductDependencies = (
				FCA8BB9C87B318851F23469F /* ForageCatalogue */,
			);
			productName = CatalogueEditor;
			productReference = 20B1543CD87D475CBC78AD1B /* CatalogueEditor.app */;
			productType = "com.apple.product-type.application";
		};
		772F8AACA5208A949F28343E /* ForageNZTests */ = {
			isa = PBXNativeTarget;
			buildConfigurationList = F2B8CAB986F0B6513588CC30 /* Build configuration list for PBXNativeTarget "ForageNZTests" */;
			buildPhases = (
				CE0EEDBDEA98D2CAFF2D3BA2 /* Sources */,
				139B551A825086CE5C77B8AD /* Frameworks */,
				4D39A8CD6A6B90A1ECB3749F /* Resources */,
			);
			buildRules = (
			);
			dependencies = (
				D7969EC4F6CC735AD010135D /* PBXTargetDependency */,
			);
			name = ForageNZTests;
			packageProductDependencies = (
				69125DE059737EBB12471472 /* ForageCatalogue */,
			);
			productName = ForageNZTests;
			productReference = 8B5CFF23B8C79B576A8D1B65 /* ForageNZTests.xctest */;
			productType = "com.apple.product-type.bundle.unit-test";
		};
		A30D369B280A270DB734DD97 /* ForageNZ */ = {
			isa = PBXNativeTarget;
			buildConfigurationList = 24005DDF1047E417D89090E7 /* Build configuration list for PBXNativeTarget "ForageNZ" */;
			buildPhases = (
				A94532B906114B6FF60B49F2 /* Sources */,
				189A5C135A9A1A017F676036 /* Frameworks */,
				1F001CE153BE5577F84010A9 /* Resources */,
			);
			buildRules = (
			);
			dependencies = (
			);
			name = ForageNZ;
			packageProductDependencies = (
				83413BE0AA6927FA598C7C0C /* DesignLibrary */,
				279E84FE33A5770883B72986 /* ForageCatalogue */,
			);
			productName = ForageNZ;
			productReference = D271FA601484668BEA2A2E9C /* ForageNZ.app */;
			productType = "com.apple.product-type.application";
		};
		BDB4B6D0E38E2FEB2917F750 /* CatalogueEditorUITests */ = {
			isa = PBXNativeTarget;
			buildConfigurationList = 54B1194C63DA68FD324E24A4 /* Build configuration list for PBXNativeTarget "CatalogueEditorUITests" */;
			buildPhases = (
				B9DCD60C02FAA1D766CB761D /* Sources */,
				A6986FDFCA9F157ECB23F5C3 /* Frameworks */,
				01278F56014EF705D13C52BF /* Resources */,
			);
			buildRules = (
			);
			dependencies = (
				F875C5AC2E620CEB3DC5C06B /* PBXTargetDependency */,
			);
			name = CatalogueEditorUITests;
			productName = CatalogueEditorUITests;
			productReference = 047AF412753DE64D1A1346F2 /* CatalogueEditorUITests.xctest */;
			productType = "com.apple.product-type.bundle.ui-testing";
		};
		D52EE6FB1A38DE7E7509CA65 /* ForageNZUITests */ = {
			isa = PBXNativeTarget;
			buildConfigurationList = C04416D4892F5DFF034CEA3D /* Build configuration list for PBXNativeTarget "ForageNZUITests" */;
			buildPhases = (
				127491906F4FBD552B7675BE /* Sources */,
				FCBFD4959C37A4687CB679AC /* Frameworks */,
				980601161AE715F7337CDA81 /* Resources */,
			);
			buildRules = (
			);
			dependencies = (
				23FA4288772D761D161B98A5 /* PBXTargetDependency */,
			);
			name = ForageNZUITests;
			productName = ForageNZUITests;
			productReference = B23CB3FA9353E11476EEC70C /* ForageNZUITests.xctest */;
			productType = "com.apple.product-type.bundle.ui-testing";
		};
/* End PBXNativeTarget section */

/* Begin PBXProject section */
		1D3393DFDFFF00F04CDA6DF3 /* Project object */ = {
			isa = PBXProject;
			attributes = {
				LastSwiftUpdateCheck = 1600;
				LastUpgradeCheck = 1600;
			};
			buildConfigurationList = 9846665B244C4B9A61517302 /* Build configuration list for PBXProject "ForageNZ" */;
			compatibilityVersion = "Xcode 3.2";
			developmentRegion = en;
			hasScannedForEncodings = 0;
			knownRegions = (
				en,
				Base,
			);
			mainGroup = 74F580B8BCAC7AE1BA708F7C;
			minimizedProjectReferenceProxies = 0;
			packageReferences = (
				657237127B68D0589BA6C34C /* XCRemoteSwiftPackageReference "Desing-Library-SPM" */,
				90A8FB02D53977FDDEE5442E /* XCLocalSwiftPackageReference "ForageCatalogue" */,
			);
			preferredProjectObjectVersion = 77;
			productRefGroup = 1EAF7E4DE18E3DAE6C74AAC9 /* Products */;
			projectDirPath = "";
			projectRoot = "";
			targets = (
				A30D369B280A270DB734DD97 /* ForageNZ */,
				772F8AACA5208A949F28343E /* ForageNZTests */,
				D52EE6FB1A38DE7E7509CA65 /* ForageNZUITests */,
				59A6A517C248344E43789972 /* CatalogueEditor */,
				BDB4B6D0E38E2FEB2917F750 /* CatalogueEditorUITests */,
			);
		};
/* End PBXProject section */

/* Begin PBXResourcesBuildPhase section */
		01278F56014EF705D13C52BF /* Resources */ = {
			isa = PBXResourcesBuildPhase;
			buildActionMask = 2147483647;
			files = (
			);
			runOnlyForDeploymentPostprocessing = 0;
		};
		1F001CE153BE5577F84010A9 /* Resources */ = {
			isa = PBXResourcesBuildPhase;
			buildActionMask = 2147483647;
			files = (
				BC7A270E66145A359CC6F5BB /* species.json in Resources */,
				0A816877BA9AA045859E5529 /* Assets.xcassets in Resources */,
				6A2120C5CF1E8C22A431AE0A /* Photos in Resources */,
				566613F76B253A99D963B234 /* land-status.png in Resources */,
				2BB82EB485F18B9705B3F347 /* land-status.json in Resources */,
			);
			runOnlyForDeploymentPostprocessing = 0;
		};
		4D39A8CD6A6B90A1ECB3749F /* Resources */ = {
			isa = PBXResourcesBuildPhase;
			buildActionMask = 2147483647;
			files = (
			);
			runOnlyForDeploymentPostprocessing = 0;
		};
		5706423444FC78CF32466E6E /* Resources */ = {
			isa = PBXResourcesBuildPhase;
			buildActionMask = 2147483647;
			files = (
			);
			runOnlyForDeploymentPostprocessing = 0;
		};
		980601161AE715F7337CDA81 /* Resources */ = {
			isa = PBXResourcesBuildPhase;
			buildActionMask = 2147483647;
			files = (
			);
			runOnlyForDeploymentPostprocessing = 0;
		};
/* End PBXResourcesBuildPhase section */

/* Begin PBXSourcesBuildPhase section */
		127491906F4FBD552B7675BE /* Sources */ = {
			isa = PBXSourcesBuildPhase;
			buildActionMask = 2147483647;
			files = (
				7F83D47960CFE20BF784F76C /* FieldGuideUITests.swift in Sources */,
			);
			runOnlyForDeploymentPostprocessing = 0;
		};
		3470D031916E85148313F362 /* Sources */ = {
			isa = PBXSourcesBuildPhase;
			buildActionMask = 2147483647;
			files = (
				264ED09A988065B705F34E20 /* CatalogueEditorApp.swift in Sources */,
				9259C8452BDD7F338B28B7A0 /* CatalogueStore.swift in Sources */,
				B07C79F23F1BB365C0EEFFBE /* EditorRootView.swift in Sources */,
				ADCE358E9BDD4BA324F73087 /* SpeciesEditorView.swift in Sources */,
				16020BFCDA4491686721448A /* PhotoSectionView.swift in Sources */,
				AF7EF03860A44072C5F3F471 /* EditorFields.swift in Sources */,
			);
			runOnlyForDeploymentPostprocessing = 0;
		};
		A94532B906114B6FF60B49F2 /* Sources */ = {
			isa = PBXSourcesBuildPhase;
			buildActionMask = 2147483647;
			files = (
				88884AE952E8D6A46933C56A /* SpeciesRepository.swift in Sources */,
				69242F8D935959254849BA9D /* SpeciesStore.swift in Sources */,
				42BC722A0552DA4BEBBE5C9F /* CautionBadge.swift in Sources */,
				FB252221E135784791053AC1 /* Layout.swift in Sources */,
				2CA3EAD76EAE4CE824C68675 /* SpeciesRow.swift in Sources */,
				C96F1DE935FB259F9428C0FE /* BrowseView.swift in Sources */,
				33F1FEE23644859BA88F9258 /* SpeciesDetailView.swift in Sources */,
				2FFEC43C9B4D53C2E4ACBA15 /* ForageNZApp.swift in Sources */,
				360194B642E9FF2742582745 /* InSeasonView.swift in Sources */,
				7D35632F1F5EEB570322D3E0 /* PoisonsCentre.swift in Sources */,
				732EB0C3958667F5E1937D29 /* RootView.swift in Sources */,
				9E8FC670A75374EEBCCECBC7 /* SafetyView.swift in Sources */,
				2419EA989959E66CD9C14599 /* CautionPalette.swift in Sources */,
				16DE25F2A746058FB6782194 /* SpeciesPhotoStrip.swift in Sources */,
				E0E56E639A59BBA011C3905E /* LandStatusRepository.swift in Sources */,
				16AF351E5E55AEB9978BCDD5 /* LocationProvider.swift in Sources */,
				964DFD06BF7EB889DF54325C /* WhereYouAreStore.swift in Sources */,
				4BB7620AB24EB7A8E15ADEB9 /* WhereYouAreSection.swift in Sources */,
			);
			runOnlyForDeploymentPostprocessing = 0;
		};
		B9DCD60C02FAA1D766CB761D /* Sources */ = {
			isa = PBXSourcesBuildPhase;
			buildActionMask = 2147483647;
			files = (
				07A7F205698F30A7C79C9D9B /* EditorUITests.swift in Sources */,
			);
			runOnlyForDeploymentPostprocessing = 0;
		};
		CE0EEDBDEA98D2CAFF2D3BA2 /* Sources */ = {
			isa = PBXSourcesBuildPhase;
			buildActionMask = 2147483647;
			files = (
				B93BA6A59034E519AC12B2B9 /* CatalogueTests.swift in Sources */,
				3D19D3D50781F4C7BE5F99E4 /* SpeciesStoreTests.swift in Sources */,
				7062ADCA73776244CB4A6E51 /* WhereYouAreStoreTests.swift in Sources */,
			);
			runOnlyForDeploymentPostprocessing = 0;
		};
/* End PBXSourcesBuildPhase section */

/* Begin PBXTargetDependency section */
		23FA4288772D761D161B98A5 /* PBXTargetDependency */ = {
			isa = PBXTargetDependency;
			name = ForageNZ;
			target = A30D369B280A270DB734DD97 /* ForageNZ */;
			targetProxy = F91A447CF788E1D5EA7F433E /* PBXContainerItemProxy */;
		};
		D7969EC4F6CC735AD010135D /* PBXTargetDependency */ = {
			isa = PBXTargetDependency;
			name = ForageNZ;
			target = A30D369B280A270DB734DD97 /* ForageNZ */;
			targetProxy = 1A816794765D2F03C5DA254E /* PBXContainerItemProxy */;
		};
		F875C5AC2E620CEB3DC5C06B /* PBXTargetDependency */ = {
			isa = PBXTargetDependency;
			name = CatalogueEditor;
			target = 59A6A517C248344E43789972 /* CatalogueEditor */;
			targetProxy = 0D483DA6766DF83939148112 /* PBXContainerItemProxy */;
		};
/* End PBXTargetDependency section */

/* Begin XCBuildConfiguration section */
		3340E7E52369AC6B3BE30F84 /* Release */ = {
			isa = XCBuildConfiguration;
			buildSettings = {
				ALWAYS_SEARCH_USER_PATHS = NO;
				CLANG_ANALYZER_NONNULL = YES;
				CLANG_ANALYZER_NUMBER_OBJECT_CONVERSION = YES_AGGRESSIVE;
				CLANG_CXX_LANGUAGE_STANDARD = "gnu++14";
				CLANG_CXX_LIBRARY = "libc++";
				CLANG_ENABLE_MODULES = YES;
				CLANG_ENABLE_OBJC_ARC = YES;
				CLANG_ENABLE_OBJC_WEAK = YES;
				CLANG_WARN_BLOCK_CAPTURE_AUTORELEASING = YES;
				CLANG_WARN_BOOL_CONVERSION = YES;
				CLANG_WARN_COMMA = YES;
				CLANG_WARN_CONSTANT_CONVERSION = YES;
				CLANG_WARN_DEPRECATED_OBJC_IMPLEMENTATIONS = YES;
				CLANG_WARN_DIRECT_OBJC_ISA_USAGE = YES_ERROR;
				CLANG_WARN_DOCUMENTATION_COMMENTS = YES;
				CLANG_WARN_EMPTY_BODY = YES;
				CLANG_WARN_ENUM_CONVERSION = YES;
				CLANG_WARN_INFINITE_RECURSION = YES;
				CLANG_WARN_INT_CONVERSION = YES;
				CLANG_WARN_NON_LITERAL_NULL_CONVERSION = YES;
				CLANG_WARN_OBJC_IMPLICIT_RETAIN_SELF = YES;
				CLANG_WARN_OBJC_LITERAL_CONVERSION = YES;
				CLANG_WARN_OBJC_ROOT_CLASS = YES_ERROR;
				CLANG_WARN_QUOTED_INCLUDE_IN_FRAMEWORK_HEADER = YES;
				CLANG_WARN_RANGE_LOOP_ANALYSIS = YES;
				CLANG_WARN_STRICT_PROTOTYPES = YES;
				CLANG_WARN_SUSPICIOUS_MOVE = YES;
				CLANG_WARN_UNGUARDED_AVAILABILITY = YES_AGGRESSIVE;
				CLANG_WARN_UNREACHABLE_CODE = YES;
				CLANG_WARN__DUPLICATE_METHOD_MATCH = YES;
				COPY_PHASE_STRIP = NO;
				DEBUG_INFORMATION_FORMAT = "dwarf-with-dsym";
				ENABLE_NS_ASSERTIONS = NO;
				ENABLE_STRICT_OBJC_MSGSEND = YES;
				GCC_C_LANGUAGE_STANDARD = gnu11;
				GCC_NO_COMMON_BLOCKS = YES;
				GCC_WARN_64_TO_32_BIT_CONVERSION = YES;
				GCC_WARN_ABOUT_RETURN_TYPE = YES_ERROR;
				GCC_WARN_UNDECLARED_SELECTOR = YES;
				GCC_WARN_UNINITIALIZED_AUTOS = YES_AGGRESSIVE;
				GCC_WARN_UNUSED_FUNCTION = YES;
				GCC_WARN_UNUSED_VARIABLE = YES;
				MTL_ENABLE_DEBUG_INFO = NO;
				MTL_FAST_MATH = YES;
				PRODUCT_NAME = "$(TARGET_NAME)";
				SWIFT_COMPILATION_MODE = wholemodule;
				SWIFT_OPTIMIZATION_LEVEL = "-O";
				SWIFT_VERSION = 5.0;
			};
			name = Release;
		};
		342266DDE7B2665D34D0D50D /* Debug */ = {
			isa = XCBuildConfiguration;
			buildSettings = {
				BUNDLE_LOADER = "$(TEST_HOST)";
				CLANG_ENABLE_OBJC_WEAK = NO;
				CODE_SIGNING_ALLOWED = NO;
				CODE_SIGN_IDENTITY = "";
				GENERATE_INFOPLIST_FILE = YES;
				IPHONEOS_DEPLOYMENT_TARGET = 18.0;
				PRODUCT_BUNDLE_IDENTIFIER = nz.co.intialbuquerque.ForageNZTests;
				PRODUCT_NAME = "$(TARGET_NAME)";
				SDKROOT = iphoneos;
				SUPPORTED_PLATFORMS = "iphoneos iphonesimulator";
				SUPPORTS_MACCATALYST = NO;
				SWIFT_VERSION = 6.0;
				TEST_HOST = "$(BUILT_PRODUCTS_DIR)/ForageNZ.app/$(BUNDLE_EXECUTABLE_FOLDER_PATH)/ForageNZ";
			};
			name = Debug;
		};
		48A71DB612732E71D43F3184 /* Release */ = {
			isa = XCBuildConfiguration;
			buildSettings = {
				CLANG_ENABLE_OBJC_WEAK = NO;
				CODE_SIGNING_ALLOWED = NO;
				CODE_SIGN_IDENTITY = "";
				GENERATE_INFOPLIST_FILE = YES;
				IPHONEOS_DEPLOYMENT_TARGET = 18.0;
				PRODUCT_BUNDLE_IDENTIFIER = nz.co.intialbuquerque.ForageNZUITests;
				PRODUCT_NAME = "$(TARGET_NAME)";
				SDKROOT = iphoneos;
				SUPPORTED_PLATFORMS = "iphoneos iphonesimulator";
				SUPPORTS_MACCATALYST = NO;
				SWIFT_VERSION = 6.0;
				TEST_TARGET_NAME = ForageNZ;
				VALIDATE_PRODUCT = YES;
			};
			name = Release;
		};
		700A9389B975D4F187041D41 /* Debug */ = {
			isa = XCBuildConfiguration;
			buildSettings = {
				ASSETCATALOG_COMPILER_APPICON_NAME = AppIcon;
				ASSETCATALOG_COMPILER_GLOBAL_ACCENT_COLOR_NAME = AccentColor;
				CODE_SIGNING_ALLOWED = YES;
				CODE_SIGNING_REQUIRED = NO;
				CODE_SIGN_ENTITLEMENTS = "";
				CODE_SIGN_IDENTITY = "-";
				COMBINE_HIDPI_IMAGES = YES;
				ENABLE_APP_SANDBOX = NO;
				ENABLE_HARDENED_RUNTIME = YES;
				GENERATE_INFOPLIST_FILE = YES;
				INFOPLIST_KEY_LSApplicationCategoryType = "public.app-category.developer-tools";
				INFOPLIST_KEY_NSHumanReadableCopyright = "";
				LD_RUNPATH_SEARCH_PATHS = "$(inherited) @executable_path/../Frameworks";
				MACOSX_DEPLOYMENT_TARGET = 14.0;
				PRODUCT_BUNDLE_IDENTIFIER = nz.co.intialbuquerque.CatalogueEditor;
				PRODUCT_NAME = "$(TARGET_NAME)";
				SDKROOT = macosx;
				SUPPORTED_PLATFORMS = macosx;
				SWIFT_VERSION = 6.0;
				TARGETED_DEVICE_FAMILY = "";
			};
			name = Debug;
		};
		7D46B46FB4FF33E6741A5F1B /* Debug */ = {
			isa = XCBuildConfiguration;
			buildSettings = {
				CODE_SIGNING_REQUIRED = NO;
				CODE_SIGN_IDENTITY = "-";
				GENERATE_INFOPLIST_FILE = YES;
				MACOSX_DEPLOYMENT_TARGET = 14.0;
				PRODUCT_BUNDLE_IDENTIFIER = nz.co.intialbuquerque.CatalogueEditorUITests;
				PRODUCT_NAME = "$(TARGET_NAME)";
				SDKROOT = macosx;
				SUPPORTED_PLATFORMS = macosx;
				SWIFT_VERSION = 6.0;
				TARGETED_DEVICE_FAMILY = "";
				TEST_TARGET_NAME = CatalogueEditor;
			};
			name = Debug;
		};
		85BFC4E628BC358C20BD2F71 /* Debug */ = {
			isa = XCBuildConfiguration;
			buildSettings = {
				ALWAYS_SEARCH_USER_PATHS = NO;
				CLANG_ANALYZER_NONNULL = YES;
				CLANG_ANALYZER_NUMBER_OBJECT_CONVERSION = YES_AGGRESSIVE;
				CLANG_CXX_LANGUAGE_STANDARD = "gnu++14";
				CLANG_CXX_LIBRARY = "libc++";
				CLANG_ENABLE_MODULES = YES;
				CLANG_ENABLE_OBJC_ARC = YES;
				CLANG_ENABLE_OBJC_WEAK = YES;
				CLANG_WARN_BLOCK_CAPTURE_AUTORELEASING = YES;
				CLANG_WARN_BOOL_CONVERSION = YES;
				CLANG_WARN_COMMA = YES;
				CLANG_WARN_CONSTANT_CONVERSION = YES;
				CLANG_WARN_DEPRECATED_OBJC_IMPLEMENTATIONS = YES;
				CLANG_WARN_DIRECT_OBJC_ISA_USAGE = YES_ERROR;
				CLANG_WARN_DOCUMENTATION_COMMENTS = YES;
				CLANG_WARN_EMPTY_BODY = YES;
				CLANG_WARN_ENUM_CONVERSION = YES;
				CLANG_WARN_INFINITE_RECURSION = YES;
				CLANG_WARN_INT_CONVERSION = YES;
				CLANG_WARN_NON_LITERAL_NULL_CONVERSION = YES;
				CLANG_WARN_OBJC_IMPLICIT_RETAIN_SELF = YES;
				CLANG_WARN_OBJC_LITERAL_CONVERSION = YES;
				CLANG_WARN_OBJC_ROOT_CLASS = YES_ERROR;
				CLANG_WARN_QUOTED_INCLUDE_IN_FRAMEWORK_HEADER = YES;
				CLANG_WARN_RANGE_LOOP_ANALYSIS = YES;
				CLANG_WARN_STRICT_PROTOTYPES = YES;
				CLANG_WARN_SUSPICIOUS_MOVE = YES;
				CLANG_WARN_UNGUARDED_AVAILABILITY = YES_AGGRESSIVE;
				CLANG_WARN_UNREACHABLE_CODE = YES;
				CLANG_WARN__DUPLICATE_METHOD_MATCH = YES;
				COPY_PHASE_STRIP = NO;
				DEBUG_INFORMATION_FORMAT = dwarf;
				ENABLE_STRICT_OBJC_MSGSEND = YES;
				ENABLE_TESTABILITY = YES;
				GCC_C_LANGUAGE_STANDARD = gnu11;
				GCC_DYNAMIC_NO_PIC = NO;
				GCC_NO_COMMON_BLOCKS = YES;
				GCC_OPTIMIZATION_LEVEL = 0;
				GCC_PREPROCESSOR_DEFINITIONS = (
					"DEBUG=1",
					"$(inherited)",
				);
				GCC_WARN_64_TO_32_BIT_CONVERSION = YES;
				GCC_WARN_ABOUT_RETURN_TYPE = YES_ERROR;
				GCC_WARN_UNDECLARED_SELECTOR = YES;
				GCC_WARN_UNINITIALIZED_AUTOS = YES_AGGRESSIVE;
				GCC_WARN_UNUSED_FUNCTION = YES;
				GCC_WARN_UNUSED_VARIABLE = YES;
				MTL_ENABLE_DEBUG_INFO = INCLUDE_SOURCE;
				MTL_FAST_MATH = YES;
				ONLY_ACTIVE_ARCH = YES;
				PRODUCT_NAME = "$(TARGET_NAME)";
				SWIFT_ACTIVE_COMPILATION_CONDITIONS = DEBUG;
				SWIFT_OPTIMIZATION_LEVEL = "-Onone";
				SWIFT_VERSION = 5.0;
			};
			name = Debug;
		};
		A56D30DBC8251B8AD21BAA36 /* Release */ = {
			isa = XCBuildConfiguration;
			buildSettings = {
				BUNDLE_LOADER = "$(TEST_HOST)";
				CLANG_ENABLE_OBJC_WEAK = NO;
				CODE_SIGNING_ALLOWED = NO;
				CODE_SIGN_IDENTITY = "";
				GENERATE_INFOPLIST_FILE = YES;
				IPHONEOS_DEPLOYMENT_TARGET = 18.0;
				PRODUCT_BUNDLE_IDENTIFIER = nz.co.intialbuquerque.ForageNZTests;
				PRODUCT_NAME = "$(TARGET_NAME)";
				SDKROOT = iphoneos;
				SUPPORTED_PLATFORMS = "iphoneos iphonesimulator";
				SUPPORTS_MACCATALYST = NO;
				SWIFT_VERSION = 6.0;
				TEST_HOST = "$(BUILT_PRODUCTS_DIR)/ForageNZ.app/$(BUNDLE_EXECUTABLE_FOLDER_PATH)/ForageNZ";
				VALIDATE_PRODUCT = YES;
			};
			name = Release;
		};
		C4F9C7556E69CB706DEBBF8D /* Debug */ = {
			isa = XCBuildConfiguration;
			buildSettings = {
				ASSETCATALOG_COMPILER_APPICON_NAME = AppIcon;
				ASSETCATALOG_COMPILER_GLOBAL_ACCENT_COLOR_NAME = AccentColor;
				CLANG_ENABLE_OBJC_WEAK = NO;
				CODE_SIGNING_ALLOWED = NO;
				CODE_SIGN_IDENTITY = "";
				GENERATE_INFOPLIST_FILE = YES;
				INFOPLIST_KEY_NSLocationWhenInUseUsageDescription = "ForageNZ checks your position against DOC's conservation and marine reserve boundaries. It happens on your device, works without a signal, and your location is never sent anywhere.";
				INFOPLIST_KEY_UIApplicationSceneManifest_Generation = YES;
				INFOPLIST_KEY_UILaunchScreen_Generation = YES;
				INFOPLIST_KEY_UISupportedInterfaceOrientations = "UIInterfaceOrientationPortrait UIInterfaceOrientationLandscapeLeft UIInterfaceOrientationLandscapeRight";
				IPHONEOS_DEPLOYMENT_TARGET = 18.0;
				LD_RUNPATH_SEARCH_PATHS = "$(inherited) @executable_path/Frameworks";
				PRODUCT_BUNDLE_IDENTIFIER = nz.co.intialbuquerque.ForageNZ;
				PRODUCT_NAME = "$(TARGET_NAME)";
				SDKROOT = iphoneos;
				SUPPORTED_PLATFORMS = "iphoneos iphonesimulator";
				SUPPORTS_MACCATALYST = NO;
				SUPPORTS_MAC_DESIGNED_FOR_IPHONE_IPAD = NO;
				SUPPORTS_XR_DESIGNED_FOR_IPHONE_IPAD = NO;
				SWIFT_VERSION = 6.0;
				TARGETED_DEVICE_FAMILY = "1,2";
			};
			name = Debug;
		};
		CE3F0ACF060C3A3CB4CC4576 /* Release */ = {
			isa = XCBuildConfiguration;
			buildSettings = {
				ASSETCATALOG_COMPILER_APPICON_NAME = AppIcon;
				ASSETCATALOG_COMPILER_GLOBAL_ACCENT_COLOR_NAME = AccentColor;
				CODE_SIGNING_ALLOWED = YES;
				CODE_SIGNING_REQUIRED = NO;
				CODE_SIGN_ENTITLEMENTS = "";
				CODE_SIGN_IDENTITY = "-";
				COMBINE_HIDPI_IMAGES = YES;
				ENABLE_APP_SANDBOX = NO;
				ENABLE_HARDENED_RUNTIME = YES;
				GENERATE_INFOPLIST_FILE = YES;
				INFOPLIST_KEY_LSApplicationCategoryType = "public.app-category.developer-tools";
				INFOPLIST_KEY_NSHumanReadableCopyright = "";
				LD_RUNPATH_SEARCH_PATHS = "$(inherited) @executable_path/../Frameworks";
				MACOSX_DEPLOYMENT_TARGET = 14.0;
				PRODUCT_BUNDLE_IDENTIFIER = nz.co.intialbuquerque.CatalogueEditor;
				PRODUCT_NAME = "$(TARGET_NAME)";
				SDKROOT = macosx;
				SUPPORTED_PLATFORMS = macosx;
				SWIFT_VERSION = 6.0;
				TARGETED_DEVICE_FAMILY = "";
			};
			name = Release;
		};
		D563EF4568E7161A158C7B57 /* Release */ = {
			isa = XCBuildConfiguration;
			buildSettings = {
				CODE_SIGNING_REQUIRED = NO;
				CODE_SIGN_IDENTITY = "-";
				GENERATE_INFOPLIST_FILE = YES;
				MACOSX_DEPLOYMENT_TARGET = 14.0;
				PRODUCT_BUNDLE_IDENTIFIER = nz.co.intialbuquerque.CatalogueEditorUITests;
				PRODUCT_NAME = "$(TARGET_NAME)";
				SDKROOT = macosx;
				SUPPORTED_PLATFORMS = macosx;
				SWIFT_VERSION = 6.0;
				TARGETED_DEVICE_FAMILY = "";
				TEST_TARGET_NAME = CatalogueEditor;
			};
			name = Release;
		};
		E21CF96ECF49DC7644C3D0DF /* Release */ = {
			isa = XCBuildConfiguration;
			buildSettings = {
				ASSETCATALOG_COMPILER_APPICON_NAME = AppIcon;
				ASSETCATALOG_COMPILER_GLOBAL_ACCENT_COLOR_NAME = AccentColor;
				CLANG_ENABLE_OBJC_WEAK = NO;
				CODE_SIGNING_ALLOWED = NO;
				CODE_SIGN_IDENTITY = "";
				GENERATE_INFOPLIST_FILE = YES;
				INFOPLIST_KEY_NSLocationWhenInUseUsageDescription = "ForageNZ checks your position against DOC's conservation and marine reserve boundaries. It happens on your device, works without a signal, and your location is never sent anywhere.";
				INFOPLIST_KEY_UIApplicationSceneManifest_Generation = YES;
				INFOPLIST_KEY_UILaunchScreen_Generation = YES;
				INFOPLIST_KEY_UISupportedInterfaceOrientations = "UIInterfaceOrientationPortrait UIInterfaceOrientationLandscapeLeft UIInterfaceOrientationLandscapeRight";
				IPHONEOS_DEPLOYMENT_TARGET = 18.0;
				LD_RUNPATH_SEARCH_PATHS = "$(inherited) @executable_path/Frameworks";
				PRODUCT_BUNDLE_IDENTIFIER = nz.co.intialbuquerque.ForageNZ;
				PRODUCT_NAME = "$(TARGET_NAME)";
				SDKROOT = iphoneos;
				SUPPORTED_PLATFORMS = "iphoneos iphonesimulator";
				SUPPORTS_MACCATALYST = NO;
				SUPPORTS_MAC_DESIGNED_FOR_IPHONE_IPAD = NO;
				SUPPORTS_XR_DESIGNED_FOR_IPHONE_IPAD = NO;
				SWIFT_VERSION = 6.0;
				TARGETED_DEVICE_FAMILY = "1,2";
				VALIDATE_PRODUCT = YES;
			};
			name = Release;
		};
		F00D8588B4CBB54E0A37A6AF /* Debug */ = {
			isa = XCBuildConfiguration;
			buildSettings = {
				CLANG_ENABLE_OBJC_WEAK = NO;
				CODE_SIGNING_ALLOWED = NO;
				CODE_SIGN_IDENTITY = "";
				GENERATE_INFOPLIST_FILE = YES;
				IPHONEOS_DEPLOYMENT_TARGET = 18.0;
				PRODUCT_BUNDLE_IDENTIFIER = nz.co.intialbuquerque.ForageNZUITests;
				PRODUCT_NAME = "$(TARGET_NAME)";
				SDKROOT = iphoneos;
				SUPPORTED_PLATFORMS = "iphoneos iphonesimulator";
				SUPPORTS_MACCATALYST = NO;
				SWIFT_VERSION = 6.0;
				TEST_TARGET_NAME = ForageNZ;
			};
			name = Debug;
		};
/* End XCBuildConfiguration section */

/* Begin XCConfigurationList section */
		24005DDF1047E417D89090E7 /* Build configuration list for PBXNativeTarget "ForageNZ" */ = {
			isa = XCConfigurationList;
			buildConfigurations = (
				E21CF96ECF49DC7644C3D0DF /* Release */,
				C4F9C7556E69CB706DEBBF8D /* Debug */,
			);
			defaultConfigurationIsVisible = 0;
			defaultConfigurationName = Release;
		};
		54B1194C63DA68FD324E24A4 /* Build configuration list for PBXNativeTarget "CatalogueEditorUITests" */ = {
			isa = XCConfigurationList;
			buildConfigurations = (
				D563EF4568E7161A158C7B57 /* Release */,
				7D46B46FB4FF33E6741A5F1B /* Debug */,
			);
			defaultConfigurationIsVisible = 0;
			defaultConfigurationName = Release;
		};
		70E77FAB5437F8D15DB804AA /* Build configuration list for PBXNativeTarget "CatalogueEditor" */ = {
			isa = XCConfigurationList;
			buildConfigurations = (
				CE3F0ACF060C3A3CB4CC4576 /* Release */,
				700A9389B975D4F187041D41 /* Debug */,
			);
			defaultConfigurationIsVisible = 0;
			defaultConfigurationName = Release;
		};
		9846665B244C4B9A61517302 /* Build configuration list for PBXProject "ForageNZ" */ = {
			isa = XCConfigurationList;
			buildConfigurations = (
				85BFC4E628BC358C20BD2F71 /* Debug */,
				3340E7E52369AC6B3BE30F84 /* Release */,
			);
			defaultConfigurationIsVisible = 0;
			defaultConfigurationName = Release;
		};
		C04416D4892F5DFF034CEA3D /* Build configuration list for PBXNativeTarget "ForageNZUITests" */ = {
			isa = XCConfigurationList;
			buildConfigurations = (
				48A71DB612732E71D43F3184 /* Release */,
				F00D8588B4CBB54E0A37A6AF /* Debug */,
			);
			defaultConfigurationIsVisible = 0;
			defaultConfigurationName = Release;
		};
		F2B8CAB986F0B6513588CC30 /* Build configuration list for PBXNativeTarget "ForageNZTests" */ = {
			isa = XCConfigurationList;
			buildConfigurations = (
				A56D30DBC8251B8AD21BAA36 /* Release */,
				342266DDE7B2665D34D0D50D /* Debug */,
			);
			defaultConfigurationIsVisible = 0;
			defaultConfigurationName = Release;
		};
/* End XCConfigurationList section */

/* Begin XCLocalSwiftPackageReference section */
		90A8FB02D53977FDDEE5442E /* XCLocalSwiftPackageReference "ForageCatalogue" */ = {
			isa = XCLocalSwiftPackageReference;
			relativePath = Packages/ForageCatalogue;
		};
/* End XCLocalSwiftPackageReference section */

/* Begin XCRemoteSwiftPackageReference section */
		657237127B68D0589BA6C34C /* XCRemoteSwiftPackageReference "Desing-Library-SPM" */ = {
			isa = XCRemoteSwiftPackageReference;
			repositoryURL = "https://github.com/intiMRA/Desing-Library-SPM";
			requirement = {
				branch = main;
				kind = branch;
			};
		};
/* End XCRemoteSwiftPackageReference section */

/* Begin XCSwiftPackageProductDependency section */
		279E84FE33A5770883B72986 /* ForageCatalogue */ = {
			isa = XCSwiftPackageProductDependency;
			package = 90A8FB02D53977FDDEE5442E /* XCLocalSwiftPackageReference "ForageCatalogue" */;
			productName = ForageCatalogue;
		};
		69125DE059737EBB12471472 /* ForageCatalogue */ = {
			isa = XCSwiftPackageProductDependency;
			package = 90A8FB02D53977FDDEE5442E /* XCLocalSwiftPackageReference "ForageCatalogue" */;
			productName = ForageCatalogue;
		};
		83413BE0AA6927FA598C7C0C /* DesignLibrary */ = {
			isa = XCSwiftPackageProductDependency;
			package = 657237127B68D0589BA6C34C /* XCRemoteSwiftPackageReference "Desing-Library-SPM" */;
			productName = DesignLibrary;
		};
		FCA8BB9C87B318851F23469F /* ForageCatalogue */ = {
			isa = XCSwiftPackageProductDependency;
			package = 90A8FB02D53977FDDEE5442E /* XCLocalSwiftPackageReference "ForageCatalogue" */;
			productName = ForageCatalogue;
		};
/* End XCSwiftPackageProductDependency section */
	};
	rootObject = 1D3393DFDFFF00F04CDA6DF3 /* Project object */;
}
